
Microsoft Visual Studio Solution File, Format Version 12.00
# Visual Studio Version 16
VisualStudioVersion = 16.0.30011.22
MinimumVisualStudioVersion = 10.0.40219.1
Project("{FAE04EC0-301F-11D3-BF4B-00C04F79EFBC}") = "Zero_Web", "Zero_Web\Zero_Web.csproj", "{986B351F-B7CF-4437-95CF-E5671AFBBF1A}"
EndProject
Project("{FAE04EC0-301F-11D3-BF4B-00C04F79EFBC}") = "API", "API\API.csproj", "{DB88C9B2-7532-4A13-B83A-DC716F0C437D}"
EndProject
Project("{FAE04EC0-301F-11D3-BF4B-00C04F79EFBC}") = "Docs", "Docs\Docs.csproj", "{8E7BEEF4-2312-4832-8F75-2A1B83C5C971}"
EndProject
Project("{FAE04EC0-301F-11D3-BF4B-00C04F79EFBC}") = "Client", "Client\Client.csproj", "{E376B402-D8E9-437B-B8AF-B8D78F852C28}"
EndProject
Project("{FAE04EC0-301F-11D3-BF4B-00C04F79EFBC}") = "Portal", "Portal\Portal.csproj", "{97B58E51-3452-4B3A-A1A7-A9D13685D2DF}"
EndProject
Global
	GlobalSection(SolutionConfigurationPlatforms) = preSolution
		Debug|Any CPU = Debug|Any CPU
		Release|Any CPU = Release|Any CPU
	EndGlobalSection
	GlobalSection(ProjectConfigurationPlatforms) = postSolution
		{986B351F-B7CF-4437-95CF-E5671AFBBF1A}.Debug|Any CPU.ActiveCfg = Debug|Any CPU
		{986B351F-B7CF-4437-95CF-E5671AFBBF1A}.Debug|Any CPU.Build.0 = Debug|Any CPU
		{986B351F-B7CF-4437-95CF-E5671AFBBF1A}.Release|Any CPU.ActiveCfg = Release|Any CPU
		{986B351F-B7CF-4437-95CF-E5671AFBBF1A}.Release|Any CPU.Build.0 = Release|Any CPU
		{DB88C9B2-7532-4A13-B83A-DC716F0C437D}.Debug|Any CPU.ActiveCfg = Debug|Any CPU
		{DB88C9B2-7532-4A13-B83A-DC716F0C437D}.Debug|Any CPU.Build.0 = Debug|Any CPU
		{DB88C9B2-7532-4A13-B83A-DC716F0C437D}.Release|Any CPU.ActiveCfg = Release|Any CPU
		{DB88C9B2-7532-4A13-B83A-DC716F0C437D}.Release|Any CPU.Build.0 = Release|Any CPU
		{8E7BEEF4-2312-4832-8F75-2A1B83C5C971}.Debug|Any CPU.ActiveCfg = Debug|Any CPU
		{8E7BEEF4-2312-4832-8F75-2A1B83C5C971}.Debug|Any CPU.Build.0 = Debug|Any CPU
		{8E7BEEF4-2312-4832-8F75-2A1B83C5C971}.Release|Any CPU.ActiveCfg = Release|Any CPU
		{8E7BEEF4-2312-4832-8F75-2A1B83C5C971}.Release|Any CPU.Build.0 = Release|Any CPU
		{E376B402-D8E9-437B-B8AF-B8D78F852C28}.Debug|Any CPU.ActiveCfg = Debug|Any CPU
		{E376B402-D8E9-437B-B8AF-B8D78F852C28}.Debug|Any CPU.Build.0 = Debug|Any CPU
		{E376B402-D8E9-437B-B8AF-B8D78F852C28}.Release|Any CPU.ActiveCfg = Release|Any CPU
		{E376B402-D8E9-437B-B8AF-B8D78F852C28}.Release|Any CPU.Build.0 = Release|Any CPU
		{97B58E51-3452-4B3A-A1A7-A9D13685D2DF}.Debug|Any CPU.ActiveCfg = Debug|Any CPU
		{97B58E51-3452-4B3A-A1A7-A9D13685D2DF}.Debug|Any CPU.Build.0 = Debug|Any CPU
		{97B58E51-3452-4B3A-A1A7-A9D13685D2DF}.Release|Any CPU.ActiveCfg = Release|Any CPU
		{97B58E51-3452-4B3A-A1A7-A9D13685D2DF}.Release|Any CPU.Build.0 = Release|Any CPU
	EndGlobalSection
	GlobalSection(SolutionProperties) = preSolution
		HideSolutionNode = FALSE
	EndGlobalSection
	GlobalSection(ExtensibilityGlobals) = postSolution
		SolutionGuid = {442E9D68-7756-483C-BDC1-5A3E1BC91721}
	EndGlobalSection
EndGlobal
